{
  "pins" : [
    {
      "identity" : "iphonenumberfield",
      "kind" : "remoteSourceControl",
      "location" : "https://github.com/MojtabaHs/iPhoneNumberField",
      "state" : {
        "revision" : "a6b5fcc6c9b085285932fe4fe754086ab92409cb",
        "version" : "0.6.1"
      }
    },
    {
      "identity" : "phonenumberkit",
      "kind" : "remoteSourceControl",
      "location" : "https://github.com/marmelroy/PhoneNumberKit",
      "state" : {
        "revision" : "d4c094934237b23344cf948dd999c431feb8da06",
        "version" : "3.4.1"
      }
    }
  ],
  "version" : 2
}
