// !$*UTF8*$!
{
	archiveVersion = 1;
	classes = {
	};
	objectVersion = 55;
	objects = {

/* Begin PBXBuildFile section */
		72113F9C285DEA0000750DF2 /* RegisterViewPhoneModel.swift in Sources */ = {isa = PBXBuildFile; fileRef = 72113F9B285DEA0000750DF2 /* RegisterViewPhoneModel.swift */; };
		72113F9E285DF44D00750DF2 /* RegisterViewMailModel.swift in Sources */ = {isa = PBXBuildFile; fileRef = 72113F9D285DF44D00750DF2 /* RegisterViewMailModel.swift */; };
		7232077D285B106A00A853F8 /* HomeScreenView.swift in Sources */ = {isa = PBXBuildFile; fileRef = 7232077C285B106A00A853F8 /* HomeScreenView.swift */; };
		7232077F285B165A00A853F8 /* PostModel.swift in Sources */ = {isa = PBXBuildFile; fileRef = 7232077E285B165A00A853F8 /* PostModel.swift */; };
		72320781285B16AB00A853F8 /* CustomPostView.swift in Sources */ = {isa = PBXBuildFile; fileRef = 72320780285B16AB00A853F8 /* CustomPostView.swift */; };
		7235A46B2856097F00B0685D /* Instagram_CloneApp.swift in Sources */ = {isa = PBXBuildFile; fileRef = 7235A46A2856097F00B0685D /* Instagram_CloneApp.swift */; };
		7235A46D2856097F00B0685D /* ContentView.swift in Sources */ = {isa = PBXBuildFile; fileRef = 7235A46C2856097F00B0685D /* ContentView.swift */; };
		7235A46F2856098100B0685D /* Assets.xcassets in Resources */ = {isa = PBXBuildFile; fileRef = 7235A46E2856098100B0685D /* Assets.xcassets */; };
		7235A4722856098100B0685D /* Preview Assets.xcassets in Resources */ = {isa = PBXBuildFile; fileRef = 7235A4712856098100B0685D /* Preview Assets.xcassets */; };
		7235A47C28560A3600B0685D /* LoginView.swift in Sources */ = {isa = PBXBuildFile; fileRef = 7235A47B28560A3600B0685D /* LoginView.swift */; };
		7235A47E28560A6200B0685D /* PasswordRecoverView.swift in Sources */ = {isa = PBXBuildFile; fileRef = 7235A47D28560A6200B0685D /* PasswordRecoverView.swift */; };
		7235A48028560A8400B0685D /* RecoverPasswordWithEmailView.swift in Sources */ = {isa = PBXBuildFile; fileRef = 7235A47F28560A8400B0685D /* RecoverPasswordWithEmailView.swift */; };
		7235A48228560AA300B0685D /* RecoverPasswordWithPhoneView.swift in Sources */ = {isa = PBXBuildFile; fileRef = 7235A48128560AA300B0685D /* RecoverPasswordWithPhoneView.swift */; };
		7235A48528560F7000B0685D /* iPhoneNumberField in Frameworks */ = {isa = PBXBuildFile; productRef = 7235A48428560F7000B0685D /* iPhoneNumberField */; };
		7235A48728560F7E00B0685D /* NumberField.swift in Sources */ = {isa = PBXBuildFile; fileRef = 7235A48628560F7E00B0685D /* NumberField.swift */; };
		7235A48928560FA900B0685D /* RegistrationMainView.swift in Sources */ = {isa = PBXBuildFile; fileRef = 7235A48828560FA900B0685D /* RegistrationMainView.swift */; };
		7235A48F285745DB00B0685D /* RegistrationView.swift in Sources */ = {isa = PBXBuildFile; fileRef = 7235A48E285745DB00B0685D /* RegistrationView.swift */; };
		7235A491285745F400B0685D /* RegistrationViewPhone.swift in Sources */ = {isa = PBXBuildFile; fileRef = 7235A490285745F400B0685D /* RegistrationViewPhone.swift */; };
		7235A4932857494400B0685D /* RegistrationViewMail.swift in Sources */ = {isa = PBXBuildFile; fileRef = 7235A4922857494400B0685D /* RegistrationViewMail.swift */; };
		72B4698E285CD70B00039970 /* Authentication.swift in Sources */ = {isa = PBXBuildFile; fileRef = 72B4698D285CD70B00039970 /* Authentication.swift */; };
		72B46991285CD8D900039970 /* UIApplication+Extension.swift in Sources */ = {isa = PBXBuildFile; fileRef = 72B46990285CD8D900039970 /* UIApplication+Extension.swift */; };
		72B46993285CDA6B00039970 /* View+Extension.swift in Sources */ = {isa = PBXBuildFile; fileRef = 72B46992285CDA6B00039970 /* View+Extension.swift */; };
		72F0D649285BB63200D5AA37 /* StoryModel.swift in Sources */ = {isa = PBXBuildFile; fileRef = 72F0D648285BB63200D5AA37 /* StoryModel.swift */; };
		72F0D64B285BB67D00D5AA37 /* CustomStoryView.swift in Sources */ = {isa = PBXBuildFile; fileRef = 72F0D64A285BB67D00D5AA37 /* CustomStoryView.swift */; };
		72F0D64D285CD11C00D5AA37 /* LoginViewModel.swift in Sources */ = {isa = PBXBuildFile; fileRef = 72F0D64C285CD11C00D5AA37 /* LoginViewModel.swift */; };
		72F0D64F285CD1AA00D5AA37 /* Credentials.swift in Sources */ = {isa = PBXBuildFile; fileRef = 72F0D64E285CD1AA00D5AA37 /* Credentials.swift */; };
		72F0D652285CD21500D5AA37 /* APIService.swift in Sources */ = {isa = PBXBuildFile; fileRef = 72F0D651285CD21500D5AA37 /* APIService.swift */; };
		72F3F6EC2864755E004D9005 /* ChatView.swift in Sources */ = {isa = PBXBuildFile; fileRef = 72F3F6EB2864755E004D9005 /* ChatView.swift */; };
		72F3F6EE286475C3004D9005 /* ChatModel.swift in Sources */ = {isa = PBXBuildFile; fileRef = 72F3F6ED286475C3004D9005 /* ChatModel.swift */; };
		72F3F6F0286475E7004D9005 /* ChatViewModel.swift in Sources */ = {isa = PBXBuildFile; fileRef = 72F3F6EF286475E7004D9005 /* ChatViewModel.swift */; };
		72F3F6F2286479BB004D9005 /* Date+Extensions.swift in Sources */ = {isa = PBXBuildFile; fileRef = 72F3F6F1286479BB004D9005 /* Date+Extensions.swift */; };
		72F3F6F42864A0B6004D9005 /* ChatRowView.swift in Sources */ = {isa = PBXBuildFile; fileRef = 72F3F6F32864A0B6004D9005 /* ChatRowView.swift */; };
		72F3F6F62864A34C004D9005 /* ChatInView.swift in Sources */ = {isa = PBXBuildFile; fileRef = 72F3F6F52864A34C004D9005 /* ChatInView.swift */; };
		72F3F6F82868DF18004D9005 /* CustomGridView.swift in Sources */ = {isa = PBXBuildFile; fileRef = 72F3F6F72868DF18004D9005 /* CustomGridView.swift */; };
		72F3F6FA2868DF98004D9005 /* ImageData.swift in Sources */ = {isa = PBXBuildFile; fileRef = 72F3F6F92868DF98004D9005 /* ImageData.swift */; };
		72F3F6FC2869C4C7004D9005 /* CustomTabView.swift in Sources */ = {isa = PBXBuildFile; fileRef = 72F3F6FB2869C4C7004D9005 /* CustomTabView.swift */; };
/* End PBXBuildFile section */

/* Begin PBXFileReference section */
		72113F9B285DEA0000750DF2 /* RegisterViewPhoneModel.swift */ = {isa = PBXFileReference; lastKnownFileType = sourcecode.swift; path = RegisterViewPhoneModel.swift; sourceTree = "<group>"; };
		72113F9D285DF44D00750DF2 /* RegisterViewMailModel.swift */ = {isa = PBXFileReference; lastKnownFileType = sourcecode.swift; path = RegisterViewMailModel.swift; sourceTree = "<group>"; };
		7232077C285B106A00A853F8 /* HomeScreenView.swift */ = {isa = PBXFileReference; lastKnownFileType = sourcecode.swift; path = HomeScreenView.swift; sourceTree = "<group>"; };
		7232077E285B165A00A853F8 /* PostModel.swift */ = {isa = PBXFileReference; lastKnownFileType = sourcecode.swift; path = PostModel.swift; sourceTree = "<group>"; };
		72320780285B16AB00A853F8 /* CustomPostView.swift */ = {isa = PBXFileReference; lastKnownFileType = sourcecode.swift; path = CustomPostView.swift; sourceTree = "<group>"; };
		7235A4672856097F00B0685D /* Instagram Clone.app */ = {isa = PBXFileReference; explicitFileType = wrapper.application; includeInIndex = 0; path = "Instagram Clone.app"; sourceTree = BUILT_PRODUCTS_DIR; };
		7235A46A2856097F00B0685D /* Instagram_CloneApp.swift */ = {isa = PBXFileReference; lastKnownFileType = sourcecode.swift; path = Instagram_CloneApp.swift; sourceTree = "<group>"; };
		7235A46C2856097F00B0685D /* ContentView.swift */ = {isa = PBXFileReference; lastKnownFileType = sourcecode.swift; path = ContentView.swift; sourceTree = "<group>"; };
		7235A46E2856098100B0685D /* Assets.xcassets */ = {isa = PBXFileReference; lastKnownFileType = folder.assetcatalog; path = Assets.xcassets; sourceTree = "<group>"; };
		7235A4712856098100B0685D /* Preview Assets.xcassets */ = {isa = PBXFileReference; lastKnownFileType = folder.assetcatalog; path = "Preview Assets.xcassets"; sourceTree = "<group>"; };
		7235A47B28560A3600B0685D /* LoginView.swift */ = {isa = PBXFileReference; lastKnownFileType = sourcecode.swift; path = LoginView.swift; sourceTree = "<group>"; };
		7235A47D28560A6200B0685D /* PasswordRecoverView.swift */ = {isa = PBXFileReference; lastKnownFileType = sourcecode.swift; path = PasswordRecoverView.swift; sourceTree = "<group>"; };
		7235A47F28560A8400B0685D /* RecoverPasswordWithEmailView.swift */ = {isa = PBXFileReference; lastKnownFileType = sourcecode.swift; path = RecoverPasswordWithEmailView.swift; sourceTree = "<group>"; };
		7235A48128560AA300B0685D /* RecoverPasswordWithPhoneView.swift */ = {isa = PBXFileReference; lastKnownFileType = sourcecode.swift; path = RecoverPasswordWithPhoneView.swift; sourceTree = "<group>"; };
		7235A48628560F7E00B0685D /* NumberField.swift */ = {isa = PBXFileReference; lastKnownFileType = sourcecode.swift; path = NumberField.swift; sourceTree = "<group>"; };
		7235A48828560FA900B0685D /* RegistrationMainView.swift */ = {isa = PBXFileReference; lastKnownFileType = sourcecode.swift; path = RegistrationMainView.swift; sourceTree = "<group>"; };
		7235A48E285745DB00B0685D /* RegistrationView.swift */ = {isa = PBXFileReference; lastKnownFileType = sourcecode.swift; path = RegistrationView.swift; sourceTree = "<group>"; };
		7235A490285745F400B0685D /* RegistrationViewPhone.swift */ = {isa = PBXFileReference; lastKnownFileType = sourcecode.swift; path = RegistrationViewPhone.swift; sourceTree = "<group>"; };
		7235A4922857494400B0685D /* RegistrationViewMail.swift */ = {isa = PBXFileReference; lastKnownFileType = sourcecode.swift; path = RegistrationViewMail.swift; sourceTree = "<group>"; };
		72B4698D285CD70B00039970 /* Authentication.swift */ = {isa = PBXFileReference; lastKnownFileType = sourcecode.swift; path = Authentication.swift; sourceTree = "<group>"; };
		72B46990285CD8D900039970 /* UIApplication+Extension.swift */ = {isa = PBXFileReference; lastKnownFileType = sourcecode.swift; path = "UIApplication+Extension.swift"; sourceTree = "<group>"; };
		72B46992285CDA6B00039970 /* View+Extension.swift */ = {isa = PBXFileReference; lastKnownFileType = sourcecode.swift; path = "View+Extension.swift"; sourceTree = "<group>"; };
		72F0D648285BB63200D5AA37 /* StoryModel.swift */ = {isa = PBXFileReference; lastKnownFileType = sourcecode.swift; path = StoryModel.swift; sourceTree = "<group>"; };
		72F0D64A285BB67D00D5AA37 /* CustomStoryView.swift */ = {isa = PBXFileReference; lastKnownFileType = sourcecode.swift; path = CustomStoryView.swift; sourceTree = "<group>"; };
		72F0D64C285CD11C00D5AA37 /* LoginViewModel.swift */ = {isa = PBXFileReference; lastKnownFileType = sourcecode.swift; path = LoginViewModel.swift; sourceTree = "<group>"; };
		72F0D64E285CD1AA00D5AA37 /* Credentials.swift */ = {isa = PBXFileReference; lastKnownFileType = sourcecode.swift; path = Credentials.swift; sourceTree = "<group>"; };
		72F0D651285CD21500D5AA37 /* APIService.swift */ = {isa = PBXFileReference; lastKnownFileType = sourcecode.swift; path = APIService.swift; sourceTree = "<group>"; };
		72F3F6EB2864755E004D9005 /* ChatView.swift */ = {isa = PBXFileReference; lastKnownFileType = sourcecode.swift; path = ChatView.swift; sourceTree = "<group>"; };
		72F3F6ED286475C3004D9005 /* ChatModel.swift */ = {isa = PBXFileReference; lastKnownFileType = sourcecode.swift; path = ChatModel.swift; sourceTree = "<group>"; };
		72F3F6EF286475E7004D9005 /* ChatViewModel.swift */ = {isa = PBXFileReference; lastKnownFileType = sourcecode.swift; path = ChatViewModel.swift; sourceTree = "<group>"; };
		72F3F6F1286479BB004D9005 /* Date+Extensions.swift */ = {isa = PBXFileReference; lastKnownFileType = sourcecode.swift; path = "Date+Extensions.swift"; sourceTree = "<group>"; };
		72F3F6F32864A0B6004D9005 /* ChatRowView.swift */ = {isa = PBXFileReference; lastKnownFileType = sourcecode.swift; path = ChatRowView.swift; sourceTree = "<group>"; };
		72F3F6F52864A34C004D9005 /* ChatInView.swift */ = {isa = PBXFileReference; lastKnownFileType = sourcecode.swift; path = ChatInView.swift; sourceTree = "<group>"; };
		72F3F6F72868DF18004D9005 /* CustomGridView.swift */ = {isa = PBXFileReference; lastKnownFileType = sourcecode.swift; path = CustomGridView.swift; sourceTree = "<group>"; };
		72F3F6F92868DF98004D9005 /* ImageData.swift */ = {isa = PBXFileReference; lastKnownFileType = sourcecode.swift; path = ImageData.swift; sourceTree = "<group>"; };
		72F3F6FB2869C4C7004D9005 /* CustomTabView.swift */ = {isa = PBXFileReference; lastKnownFileType = sourcecode.swift; path = CustomTabView.swift; sourceTree = "<group>"; };
/* End PBXFileReference section */

/* Begin PBXFrameworksBuildPhase section */
		7235A4642856097F00B0685D /* Frameworks */ = {
			isa = PBXFrameworksBuildPhase;
			buildActionMask = 2147483647;
			files = (
				7235A48528560F7000B0685D /* iPhoneNumberField in Frameworks */,
			);
			runOnlyForDeploymentPostprocessing = 0;
		};
/* End PBXFrameworksBuildPhase section */

/* Begin PBXGroup section */
		7235A45E2856097F00B0685D = {
			isa = PBXGroup;
			children = (
				7235A4692856097F00B0685D /* Instagram Clone */,
				7235A4682856097F00B0685D /* Products */,
			);
			sourceTree = "<group>";
		};
		7235A4682856097F00B0685D /* Products */ = {
			isa = PBXGroup;
			children = (
				7235A4672856097F00B0685D /* Instagram Clone.app */,
			);
			name = Products;
			sourceTree = "<group>";
		};
		7235A4692856097F00B0685D /* Instagram Clone */ = {
			isa = PBXGroup;
			children = (
				7235A46A2856097F00B0685D /* Instagram_CloneApp.swift */,
				7235A479285609B400B0685D /* View */,
				7235A47A285609C100B0685D /* ViewModel */,
				7235A478285609AA00B0685D /* Model */,
				72F0D650285CD20200D5AA37 /* Services */,
				72B4698F285CD8B200039970 /* Extensions */,
				7235A46E2856098100B0685D /* Assets.xcassets */,
				7235A4702856098100B0685D /* Preview Content */,
			);
			path = "Instagram Clone";
			sourceTree = "<group>";
		};
		7235A4702856098100B0685D /* Preview Content */ = {
			isa = PBXGroup;
			children = (
				7235A4712856098100B0685D /* Preview Assets.xcassets */,
			);
			path = "Preview Content";
			sourceTree = "<group>";
		};
		7235A478285609AA00B0685D /* Model */ = {
			isa = PBXGroup;
			children = (
				7232077E285B165A00A853F8 /* PostModel.swift */,
				72F0D648285BB63200D5AA37 /* StoryModel.swift */,
				72F0D64E285CD1AA00D5AA37 /* Credentials.swift */,
				72F3F6ED286475C3004D9005 /* ChatModel.swift */,
			);
			path = Model;
			sourceTree = "<group>";
		};
		7235A479285609B400B0685D /* View */ = {
			isa = PBXGroup;
			children = (
				7235A46C2856097F00B0685D /* ContentView.swift */,
				7235A47B28560A3600B0685D /* LoginView.swift */,
				7235A47D28560A6200B0685D /* PasswordRecoverView.swift */,
				7235A47F28560A8400B0685D /* RecoverPasswordWithEmailView.swift */,
				7235A48128560AA300B0685D /* RecoverPasswordWithPhoneView.swift */,
				7235A48628560F7E00B0685D /* NumberField.swift */,
				7235A48828560FA900B0685D /* RegistrationMainView.swift */,
				7235A48E285745DB00B0685D /* RegistrationView.swift */,
				7235A490285745F400B0685D /* RegistrationViewPhone.swift */,
				7235A4922857494400B0685D /* RegistrationViewMail.swift */,
				72F3F6FB2869C4C7004D9005 /* CustomTabView.swift */,
				7232077C285B106A00A853F8 /* HomeScreenView.swift */,
				72320780285B16AB00A853F8 /* CustomPostView.swift */,
				72F0D64A285BB67D00D5AA37 /* CustomStoryView.swift */,
				72F3F6EB2864755E004D9005 /* ChatView.swift */,
				72F3F6F32864A0B6004D9005 /* ChatRowView.swift */,
				72F3F6F52864A34C004D9005 /* ChatInView.swift */,
				72F3F6F72868DF18004D9005 /* CustomGridView.swift */,
			);
			path = View;
			sourceTree = "<group>";
		};
		7235A47A285609C100B0685D /* ViewModel */ = {
			isa = PBXGroup;
			children = (
				72F0D64C285CD11C00D5AA37 /* LoginViewModel.swift */,
				72113F9B285DEA0000750DF2 /* RegisterViewPhoneModel.swift */,
				72113F9D285DF44D00750DF2 /* RegisterViewMailModel.swift */,
				72B4698D285CD70B00039970 /* Authentication.swift */,
				72F3F6EF286475E7004D9005 /* ChatViewModel.swift */,
				72F3F6F92868DF98004D9005 /* ImageData.swift */,
			);
			path = ViewModel;
			sourceTree = "<group>";
		};
		72B4698F285CD8B200039970 /* Extensions */ = {
			isa = PBXGroup;
			children = (
				72B46992285CDA6B00039970 /* View+Extension.swift */,
				72B46990285CD8D900039970 /* UIApplication+Extension.swift */,
				72F3F6F1286479BB004D9005 /* Date+Extensions.swift */,
			);
			path = Extensions;
			sourceTree = "<group>";
		};
		72F0D650285CD20200D5AA37 /* Services */ = {
			isa = PBXGroup;
			children = (
				72F0D651285CD21500D5AA37 /* APIService.swift */,
			);
			path = Services;
			sourceTree = "<group>";
		};
/* End PBXGroup section */

/* Begin PBXNativeTarget section */
		7235A4662856097F00B0685D /* Instagram Clone */ = {
			isa = PBXNativeTarget;
			buildConfigurationList = 7235A4752856098100B0685D /* Build configuration list for PBXNativeTarget "Instagram Clone" */;
			buildPhases = (
				7235A4632856097F00B0685D /* Sources */,
				7235A4642856097F00B0685D /* Frameworks */,
				7235A4652856097F00B0685D /* Resources */,
			);
			buildRules = (
			);
			dependencies = (
			);
			name = "Instagram Clone";
			packageProductDependencies = (
				7235A48428560F7000B0685D /* iPhoneNumberField */,
			);
			productName = "Instagram Clone";
			productReference = 7235A4672856097F00B0685D /* Instagram Clone.app */;
			productType = "com.apple.product-type.application";
		};
/* End PBXNativeTarget section */

/* Begin PBXProject section */
		7235A45F2856097F00B0685D /* Project object */ = {
			isa = PBXProject;
			attributes = {
				BuildIndependentTargetsInParallel = 1;
				LastSwiftUpdateCheck = 1340;
				LastUpgradeCheck = 1340;
				TargetAttributes = {
					7235A4662856097F00B0685D = {
						CreatedOnToolsVersion = 13.4.1;
					};
				};
			};
			buildConfigurationList = 7235A4622856097F00B0685D /* Build configuration list for PBXProject "Instagram Clone" */;
			compatibilityVersion = "Xcode 13.0";
			developmentRegion = en;
			hasScannedForEncodings = 0;
			knownRegions = (
				en,
				Base,
			);
			mainGroup = 7235A45E2856097F00B0685D;
			packageReferences = (
				7235A48328560F7000B0685D /* XCRemoteSwiftPackageReference "iPhoneNumberField" */,
			);
			productRefGroup = 7235A4682856097F00B0685D /* Products */;
			projectDirPath = "";
			projectRoot = "";
			targets = (
				7235A4662856097F00B0685D /* Instagram Clone */,
			);
		};
/* End PBXProject section */

/* Begin PBXResourcesBuildPhase section */
		7235A4652856097F00B0685D /* Resources */ = {
			isa = PBXResourcesBuildPhase;
			buildActionMask = 2147483647;
			files = (
				7235A4722856098100B0685D /* Preview Assets.xcassets in Resources */,
				7235A46F2856098100B0685D /* Assets.xcassets in Resources */,
			);
			runOnlyForDeploymentPostprocessing = 0;
		};
/* End PBXResourcesBuildPhase section */

/* Begin PBXSourcesBuildPhase section */
		7235A4632856097F00B0685D /* Sources */ = {
			isa = PBXSourcesBuildPhase;
			buildActionMask = 2147483647;
			files = (
				72F3F6F42864A0B6004D9005 /* ChatRowView.swift in Sources */,
				7235A491285745F400B0685D /* RegistrationViewPhone.swift in Sources */,
				72F0D652285CD21500D5AA37 /* APIService.swift in Sources */,
				72113F9E285DF44D00750DF2 /* RegisterViewMailModel.swift in Sources */,
				72320781285B16AB00A853F8 /* CustomPostView.swift in Sources */,
				72B4698E285CD70B00039970 /* Authentication.swift in Sources */,
				7235A48728560F7E00B0685D /* NumberField.swift in Sources */,
				72F3F6FA2868DF98004D9005 /* ImageData.swift in Sources */,
				7235A47E28560A6200B0685D /* PasswordRecoverView.swift in Sources */,
				72F3F6F0286475E7004D9005 /* ChatViewModel.swift in Sources */,
				7232077D285B106A00A853F8 /* HomeScreenView.swift in Sources */,
				72F3F6F2286479BB004D9005 /* Date+Extensions.swift in Sources */,
				7235A4932857494400B0685D /* RegistrationViewMail.swift in Sources */,
				7232077F285B165A00A853F8 /* PostModel.swift in Sources */,
				72F0D64B285BB67D00D5AA37 /* CustomStoryView.swift in Sources */,
				72F3F6EE286475C3004D9005 /* ChatModel.swift in Sources */,
				7235A47C28560A3600B0685D /* LoginView.swift in Sources */,
				7235A48F285745DB00B0685D /* RegistrationView.swift in Sources */,
				72F3F6FC2869C4C7004D9005 /* CustomTabView.swift in Sources */,
				72F0D64D285CD11C00D5AA37 /* LoginViewModel.swift in Sources */,
				72B46991285CD8D900039970 /* UIApplication+Extension.swift in Sources */,
				7235A46D2856097F00B0685D /* ContentView.swift in Sources */,
				72F0D64F285CD1AA00D5AA37 /* Credentials.swift in Sources */,
				72F3F6F82868DF18004D9005 /* CustomGridView.swift in Sources */,
				72F3F6EC2864755E004D9005 /* ChatView.swift in Sources */,
				72113F9C285DEA0000750DF2 /* RegisterViewPhoneModel.swift in Sources */,
				72F3F6F62864A34C004D9005 /* ChatInView.swift in Sources */,
				7235A48228560AA300B0685D /* RecoverPasswordWithPhoneView.swift in Sources */,
				7235A46B2856097F00B0685D /* Instagram_CloneApp.swift in Sources */,
				72B46993285CDA6B00039970 /* View+Extension.swift in Sources */,
				7235A48028560A8400B0685D /* RecoverPasswordWithEmailView.swift in Sources */,
				7235A48928560FA900B0685D /* RegistrationMainView.swift in Sources */,
				72F0D649285BB63200D5AA37 /* StoryModel.swift in Sources */,
			);
			runOnlyForDeploymentPostprocessing = 0;
		};
/* End PBXSourcesBuildPhase section */

/* Begin XCBuildConfiguration section */
		7235A4732856098100B0685D /* Debug */ = {
			isa = XCBuildConfiguration;
			buildSettings = {
				ALWAYS_SEARCH_USER_PATHS = NO;
				CLANG_ANALYZER_NONNULL = YES;
				CLANG_ANALYZER_NUMBER_OBJECT_CONVERSION = YES_AGGRESSIVE;
				CLANG_CXX_LANGUAGE_STANDARD = "gnu++17";
				CLANG_ENABLE_MODULES = YES;
				CLANG_ENABLE_OBJC_ARC = YES;
				CLANG_ENABLE_OBJC_WEAK = YES;
				CLANG_WARN_BLOCK_CAPTURE_AUTORELEASING = YES;
				CLANG_WARN_BOOL_CONVERSION = YES;
				CLANG_WARN_COMMA = YES;
				CLANG_WARN_CONSTANT_CONVERSION = YES;
				CLANG_WARN_DEPRECATED_OBJC_IMPLEMENTATIONS = YES;
				CLANG_WARN_DIRECT_OBJC_ISA_USAGE = YES_ERROR;
				CLANG_WARN_DOCUMENTATION_COMMENTS = YES;
				CLANG_WARN_EMPTY_BODY = YES;
				CLANG_WARN_ENUM_CONVERSION = YES;
				CLANG_WARN_INFINITE_RECURSION = YES;
				CLANG_WARN_INT_CONVERSION = YES;
				CLANG_WARN_NON_LITERAL_NULL_CONVERSION = YES;
				CLANG_WARN_OBJC_IMPLICIT_RETAIN_SELF = YES;
				CLANG_WARN_OBJC_LITERAL_CONVERSION = YES;
				CLANG_WARN_OBJC_ROOT_CLASS = YES_ERROR;
				CLANG_WARN_QUOTED_INCLUDE_IN_FRAMEWORK_HEADER = YES;
				CLANG_WARN_RANGE_LOOP_ANALYSIS = YES;
				CLANG_WARN_STRICT_PROTOTYPES = YES;
				CLANG_WARN_SUSPICIOUS_MOVE = YES;
				CLANG_WARN_UNGUARDED_AVAILABILITY = YES_AGGRESSIVE;
				CLANG_WARN_UNREACHABLE_CODE = YES;
				CLANG_WARN__DUPLICATE_METHOD_MATCH = YES;
				COPY_PHASE_STRIP = NO;
				DEBUG_INFORMATION_FORMAT = dwarf;
				ENABLE_STRICT_OBJC_MSGSEND = YES;
				ENABLE_TESTABILITY = YES;
				GCC_C_LANGUAGE_STANDARD = gnu11;
				GCC_DYNAMIC_NO_PIC = NO;
				GCC_NO_COMMON_BLOCKS = YES;
				GCC_OPTIMIZATION_LEVEL = 0;
				GCC_PREPROCESSOR_DEFINITIONS = (
					"DEBUG=1",
					"$(inherited)",
				);
				GCC_WARN_64_TO_32_BIT_CONVERSION = YES;
				GCC_WARN_ABOUT_RETURN_TYPE = YES_ERROR;
				GCC_WARN_UNDECLARED_SELECTOR = YES;
				GCC_WARN_UNINITIALIZED_AUTOS = YES_AGGRESSIVE;
				GCC_WARN_UNUSED_FUNCTION = YES;
				GCC_WARN_UNUSED_VARIABLE = YES;
				IPHONEOS_DEPLOYMENT_TARGET = 15.5;
				MTL_ENABLE_DEBUG_INFO = INCLUDE_SOURCE;
				MTL_FAST_MATH = YES;
				ONLY_ACTIVE_ARCH = YES;
				SDKROOT = iphoneos;
				SWIFT_ACTIVE_COMPILATION_CONDITIONS = DEBUG;
				SWIFT_OPTIMIZATION_LEVEL = "-Onone";
			};
			name = Debug;
		};
		7235A4742856098100B0685D /* Release */ = {
			isa = XCBuildConfiguration;
			buildSettings = {
				ALWAYS_SEARCH_USER_PATHS = NO;
				CLANG_ANALYZER_NONNULL = YES;
				CLANG_ANALYZER_NUMBER_OBJECT_CONVERSION = YES_AGGRESSIVE;
				CLANG_CXX_LANGUAGE_STANDARD = "gnu++17";
				CLANG_ENABLE_MODULES = YES;
				CLANG_ENABLE_OBJC_ARC = YES;
				CLANG_ENABLE_OBJC_WEAK = YES;
				CLANG_WARN_BLOCK_CAPTURE_AUTORELEASING = YES;
				CLANG_WARN_BOOL_CONVERSION = YES;
				CLANG_WARN_COMMA = YES;
				CLANG_WARN_CONSTANT_CONVERSION = YES;
				CLANG_WARN_DEPRECATED_OBJC_IMPLEMENTATIONS = YES;
				CLANG_WARN_DIRECT_OBJC_ISA_USAGE = YES_ERROR;
				CLANG_WARN_DOCUMENTATION_COMMENTS = YES;
				CLANG_WARN_EMPTY_BODY = YES;
				CLANG_WARN_ENUM_CONVERSION = YES;
				CLANG_WARN_INFINITE_RECURSION = YES;
				CLANG_WARN_INT_CONVERSION = YES;
				CLANG_WARN_NON_LITERAL_NULL_CONVERSION = YES;
				CLANG_WARN_OBJC_IMPLICIT_RETAIN_SELF = YES;
				CLANG_WARN_OBJC_LITERAL_CONVERSION = YES;
				CLANG_WARN_OBJC_ROOT_CLASS = YES_ERROR;
				CLANG_WARN_QUOTED_INCLUDE_IN_FRAMEWORK_HEADER = YES;
				CLANG_WARN_RANGE_LOOP_ANALYSIS = YES;
				CLANG_WARN_STRICT_PROTOTYPES = YES;
				CLANG_WARN_SUSPICIOUS_MOVE = YES;
				CLANG_WARN_UNGUARDED_AVAILABILITY = YES_AGGRESSIVE;
				CLANG_WARN_UNREACHABLE_CODE = YES;
				CLANG_WARN__DUPLICATE_METHOD_MATCH = YES;
				COPY_PHASE_STRIP = NO;
				DEBUG_INFORMATION_FORMAT = "dwarf-with-dsym";
				ENABLE_NS_ASSERTIONS = NO;
				ENABLE_STRICT_OBJC_MSGSEND = YES;
				GCC_C_LANGUAGE_STANDARD = gnu11;
				GCC_NO_COMMON_BLOCKS = YES;
				GCC_WARN_64_TO_32_BIT_CONVERSION = YES;
				GCC_WARN_ABOUT_RETURN_TYPE = YES_ERROR;
				GCC_WARN_UNDECLARED_SELECTOR = YES;
				GCC_WARN_UNINITIALIZED_AUTOS = YES_AGGRESSIVE;
				GCC_WARN_UNUSED_FUNCTION = YES;
				GCC_WARN_UNUSED_VARIABLE = YES;
				IPHONEOS_DEPLOYMENT_TARGET = 15.5;
				MTL_ENABLE_DEBUG_INFO = NO;
				MTL_FAST_MATH = YES;
				SDKROOT = iphoneos;
				SWIFT_COMPILATION_MODE = wholemodule;
				SWIFT_OPTIMIZATION_LEVEL = "-O";
				VALIDATE_PRODUCT = YES;
			};
			name = Release;
		};
		7235A4762856098100B0685D /* Debug */ = {
			isa = XCBuildConfiguration;
			buildSettings = {
				ASSETCATALOG_COMPILER_APPICON_NAME = AppIcon;
				ASSETCATALOG_COMPILER_GLOBAL_ACCENT_COLOR_NAME = AccentColor;
				CODE_SIGN_STYLE = Automatic;
				CURRENT_PROJECT_VERSION = 1;
				DEVELOPMENT_ASSET_PATHS = "\"Instagram Clone/Preview Content\"";
				DEVELOPMENT_TEAM = 95W23GS9Y8;
				ENABLE_PREVIEWS = YES;
				GENERATE_INFOPLIST_FILE = YES;
				INFOPLIST_KEY_UIApplicationSceneManifest_Generation = YES;
				INFOPLIST_KEY_UIApplicationSupportsIndirectInputEvents = YES;
				INFOPLIST_KEY_UILaunchScreen_Generation = YES;
				INFOPLIST_KEY_UISupportedInterfaceOrientations_iPad = "UIInterfaceOrientationPortrait UIInterfaceOrientationPortraitUpsideDown UIInterfaceOrientationLandscapeLeft UIInterfaceOrientationLandscapeRight";
				INFOPLIST_KEY_UISupportedInterfaceOrientations_iPhone = "UIInterfaceOrientationPortrait UIInterfaceOrientationLandscapeLeft UIInterfaceOrientationLandscapeRight";
				LD_RUNPATH_SEARCH_PATHS = (
					"$(inherited)",
					"@executable_path/Frameworks",
				);
				MARKETING_VERSION = 1.0;
				PRODUCT_BUNDLE_IDENTIFIER = "com.burak.Instagram-Clone";
				PRODUCT_NAME = "$(TARGET_NAME)";
				SWIFT_EMIT_LOC_STRINGS = YES;
				SWIFT_VERSION = 5.0;
				TARGETED_DEVICE_FAMILY = "1,2";
			};
			name = Debug;
		};
		7235A4772856098100B0685D /* Release */ = {
			isa = XCBuildConfiguration;
			buildSettings = {
				ASSETCATALOG_COMPILER_APPICON_NAME = AppIcon;
				ASSETCATALOG_COMPILER_GLOBAL_ACCENT_COLOR_NAME = AccentColor;
				CODE_SIGN_STYLE = Automatic;
				CURRENT_PROJECT_VERSION = 1;
				DEVELOPMENT_ASSET_PATHS = "\"Instagram Clone/Preview Content\"";
				DEVELOPMENT_TEAM = 95W23GS9Y8;
				ENABLE_PREVIEWS = YES;
				GENERATE_INFOPLIST_FILE = YES;
				INFOPLIST_KEY_UIApplicationSceneManifest_Generation = YES;
				INFOPLIST_KEY_UIApplicationSupportsIndirectInputEvents = YES;
				INFOPLIST_KEY_UILaunchScreen_Generation = YES;
				INFOPLIST_KEY_UISupportedInterfaceOrientations_iPad = "UIInterfaceOrientationPortrait UIInterfaceOrientationPortraitUpsideDown UIInterfaceOrientationLandscapeLeft UIInterfaceOrientationLandscapeRight";
				INFOPLIST_KEY_UISupportedInterfaceOrientations_iPhone = "UIInterfaceOrientationPortrait UIInterfaceOrientationLandscapeLeft UIInterfaceOrientationLandscapeRight";
				LD_RUNPATH_SEARCH_PATHS = (
					"$(inherited)",
					"@executable_path/Frameworks",
				);
				MARKETING_VERSION = 1.0;
				PRODUCT_BUNDLE_IDENTIFIER = "com.burak.Instagram-Clone";
				PRODUCT_NAME = "$(TARGET_NAME)";
				SWIFT_EMIT_LOC_STRINGS = YES;
				SWIFT_VERSION = 5.0;
				TARGETED_DEVICE_FAMILY = "1,2";
			};
			name = Release;
		};
/* End XCBuildConfiguration section */

/* Begin XCConfigurationList section */
		7235A4622856097F00B0685D /* Build configuration list for PBXProject "Instagram Clone" */ = {
			isa = XCConfigurationList;
			buildConfigurations = (
				7235A4732856098100B0685D /* Debug */,
				7235A4742856098100B0685D /* Release */,
			);
			defaultConfigurationIsVisible = 0;
			defaultConfigurationName = Release;
		};
		7235A4752856098100B0685D /* Build configuration list for PBXNativeTarget "Instagram Clone" */ = {
			isa = XCConfigurationList;
			buildConfigurations = (
				7235A4762856098100B0685D /* Debug */,
				7235A4772856098100B0685D /* Release */,
			);
			defaultConfigurationIsVisible = 0;
			defaultConfigurationName = Release;
		};
/* End XCConfigurationList section */

/* Begin XCRemoteSwiftPackageReference section */
		7235A48328560F7000B0685D /* XCRemoteSwiftPackageReference "iPhoneNumberField" */ = {
			isa = XCRemoteSwiftPackageReference;
			repositoryURL = "https://github.com/MojtabaHs/iPhoneNumberField";
			requirement = {
				kind = upToNextMajorVersion;
				minimumVersion = 0.6.1;
			};
		};
/* End XCRemoteSwiftPackageReference section */

/* Begin XCSwiftPackageProductDependency section */
		7235A48428560F7000B0685D /* iPhoneNumberField */ = {
			isa = XCSwiftPackageProductDependency;
			package = 7235A48328560F7000B0685D /* XCRemoteSwiftPackageReference "iPhoneNumberField" */;
			productName = iPhoneNumberField;
		};
/* End XCSwiftPackageProductDependency section */
	};
	rootObject = 7235A45F2856097F00B0685D /* Project object */;
}
